// !$*UTF8*$!
{
	archiveVersion = 1;
	classes = {
	};
	objectVersion = 46;
	objects = {

/* Begin PBXBuildFile section */
		CA5E3AFC19F80FD1005770C6 /* RandomColor.h in Headers */ = {isa = PBXBuildFile; fileRef = CA5E3AFB19F80FD1005770C6 /* RandomColor.h */; settings = {ATTRIBUTES = (Public, ); }; };
		CA5E3B0219F80FD2005770C6 /* RandomColor.framework in Frameworks */ = {isa = PBXBuildFile; fileRef = CA5E3AF719F80FD1005770C6 /* RandomColor.framework */; };
		CA5E3B0B19F80FD2005770C6 /* RandomColorTests.swift in Sources */ = {isa = PBXBuildFile; fileRef = CA5E3B0A19F80FD2005770C6 /* RandomColorTests.swift */; };
		CA5E3B0E19F80FD2005770C6 /* RandomColor.framework in Frameworks */ = {isa = PBXBuildFile; fileRef = CA5E3AF719F80FD1005770C6 /* RandomColor.framework */; };
		CA5E3B0F19F80FD2005770C6 /* RandomColor.framework in Embed Frameworks */ = {isa = PBXBuildFile; fileRef = CA5E3AF719F80FD1005770C6 /* RandomColor.framework */; settings = {ATTRIBUTES = (CodeSignOnCopy, RemoveHeadersOnCopy, ); }; };
		CA5E3B1819F80FE1005770C6 /* RandomColorExtension.swift in Sources */ = {isa = PBXBuildFile; fileRef = CA5E3B1719F80FE1005770C6 /* RandomColorExtension.swift */; };
		CA5E3B1A19F80FEE005770C6 /* Default-568h@2x.png in Resources */ = {isa = PBXBuildFile; fileRef = CA5E3B1919F80FEE005770C6 /* Default-568h@2x.png */; };
		CA95E2C019F7FF39001D6DF4 /* AppDelegate.swift in Sources */ = {isa = PBXBuildFile; fileRef = CA95E2BF19F7FF39001D6DF4 /* AppDelegate.swift */; };
		CA95E2C219F7FF39001D6DF4 /* ViewController.swift in Sources */ = {isa = PBXBuildFile; fileRef = CA95E2C119F7FF39001D6DF4 /* ViewController.swift */; };
		CA95E2C519F7FF39001D6DF4 /* Main.storyboard in Resources */ = {isa = PBXBuildFile; fileRef = CA95E2C319F7FF39001D6DF4 /* Main.storyboard */; };
		CA95E2C719F7FF39001D6DF4 /* Images.xcassets in Resources */ = {isa = PBXBuildFile; fileRef = CA95E2C619F7FF39001D6DF4 /* Images.xcassets */; };
		CA95E2CA19F7FF39001D6DF4 /* LaunchScreen.xib in Resources */ = {isa = PBXBuildFile; fileRef = CA95E2C819F7FF39001D6DF4 /* LaunchScreen.xib */; };
/* End PBXBuildFile section */

/* Begin PBXContainerItemProxy section */
		CA5E3B0319F80FD2005770C6 /* PBXContainerItemProxy */ = {
			isa = PBXContainerItemProxy;
			containerPortal = CA95E2B219F7FF39001D6DF4 /* Project object */;
			proxyType = 1;
			remoteGlobalIDString = CA5E3AF619F80FD1005770C6;
			remoteInfo = RandomColor;
		};
		CA5E3B0519F80FD2005770C6 /* PBXContainerItemProxy */ = {
			isa = PBXContainerItemProxy;
			containerPortal = CA95E2B219F7FF39001D6DF4 /* Project object */;
			proxyType = 1;
			remoteGlobalIDString = CA95E2B919F7FF39001D6DF4;
			remoteInfo = RandomColorExample;
		};
		CA5E3B0C19F80FD2005770C6 /* PBXContainerItemProxy */ = {
			isa = PBXContainerItemProxy;
			containerPortal = CA95E2B219F7FF39001D6DF4 /* Project object */;
			proxyType = 1;
			remoteGlobalIDString = CA5E3AF619F80FD1005770C6;
			remoteInfo = RandomColor;
		};
/* End PBXContainerItemProxy section */

/* Begin PBXCopyFilesBuildPhase section */
		CA5E3B1319F80FD2005770C6 /* Embed Frameworks */ = {
			isa = PBXCopyFilesBuildPhase;
			buildActionMask = 2147483647;
			dstPath = "";
			dstSubfolderSpec = 10;
			files = (
				CA5E3B0F19F80FD2005770C6 /* RandomColor.framework in Embed Frameworks */,
			);
			name = "Embed Frameworks";
			runOnlyForDeploymentPostprocessing = 0;
		};
/* End PBXCopyFilesBuildPhase section */

/* Begin PBXFileReference section */
		CA5E3AF719F80FD1005770C6 /* RandomColor.framework */ = {isa = PBXFileReference; explicitFileType = wrapper.framework; includeInIndex = 0; path = RandomColor.framework; sourceTree = BUILT_PRODUCTS_DIR; };
		CA5E3AFA19F80FD1005770C6 /* Info.plist */ = {isa = PBXFileReference; lastKnownFileType = text.plist.xml; path = Info.plist; sourceTree = "<group>"; };
		CA5E3AFB19F80FD1005770C6 /* RandomColor.h */ = {isa = PBXFileReference; lastKnownFileType = sourcecode.c.h; path = RandomColor.h; sourceTree = "<group>"; };
		CA5E3B0119F80FD1005770C6 /* RandomColorTests.xctest */ = {isa = PBXFileReference; explicitFileType = wrapper.cfbundle; includeInIndex = 0; path = RandomColorTests.xctest; sourceTree = BUILT_PRODUCTS_DIR; };
		CA5E3B0919F80FD2005770C6 /* Info.plist */ = {isa = PBXFileReference; lastKnownFileType = text.plist.xml; path = Info.plist; sourceTree = "<group>"; };
		CA5E3B0A19F80FD2005770C6 /* RandomColorTests.swift */ = {isa = PBXFileReference; lastKnownFileType = sourcecode.swift; path = RandomColorTests.swift; sourceTree = "<group>"; };
		CA5E3B1719F80FE1005770C6 /* RandomColorExtension.swift */ = {isa = PBXFileReference; fileEncoding = 4; lastKnownFileType = sourcecode.swift; path = RandomColorExtension.swift; sourceTree = "<group>"; };
		CA5E3B1919F80FEE005770C6 /* Default-568h@2x.png */ = {isa = PBXFileReference; lastKnownFileType = image.png; path = "Default-568h@2x.png"; sourceTree = "<group>"; };
		CA95E2BA19F7FF39001D6DF4 /* RandomColorExample.app */ = {isa = PBXFileReference; explicitFileType = wrapper.application; includeInIndex = 0; path = RandomColorExample.app; sourceTree = BUILT_PRODUCTS_DIR; };
		CA95E2BE19F7FF39001D6DF4 /* Info.plist */ = {isa = PBXFileReference; lastKnownFileType = text.plist.xml; path = Info.plist; sourceTree = "<group>"; };
		CA95E2BF19F7FF39001D6DF4 /* AppDelegate.swift */ = {isa = PBXFileReference; lastKnownFileType = sourcecode.swift; path = AppDelegate.swift; sourceTree = "<group>"; };
		CA95E2C119F7FF39001D6DF4 /* ViewController.swift */ = {isa = PBXFileReference; lastKnownFileType = sourcecode.swift; path = ViewController.swift; sourceTree = "<group>"; };
		CA95E2C419F7FF39001D6DF4 /* Base */ = {isa = PBXFileReference; lastKnownFileType = file.storyboard; name = Base; path = Base.lproj/Main.storyboard; sourceTree = "<group>"; };
		CA95E2C619F7FF39001D6DF4 /* Images.xcassets */ = {isa = PBXFileReference; lastKnownFileType = folder.assetcatalog; path = Images.xcassets; sourceTree = "<group>"; };
		CA95E2C919F7FF39001D6DF4 /* Base */ = {isa = PBXFileReference; lastKnownFileType = file.xib; name = Base; path = Base.lproj/LaunchScreen.xib; sourceTree = "<group>"; };
		CA95E2D419F7FF39001D6DF4 /* Info.plist */ = {isa = PBXFileReference; lastKnownFileType = text.plist.xml; path = Info.plist; sourceTree = "<group>"; };
		CA95E2D519F7FF39001D6DF4 /* RandomColorTests.swift */ = {isa = PBXFileReference; lastKnownFileType = sourcecode.swift; path = RandomColorTests.swift; sourceTree = "<group>"; };
/* End PBXFileReference section */

/* Begin PBXFrameworksBuildPhase section */
		CA5E3AF319F80FD1005770C6 /* Frameworks */ = {
			isa = PBXFrameworksBuildPhase;
			buildActionMask = 2147483647;
			files = (
			);
			runOnlyForDeploymentPostprocessing = 0;
		};
		CA5E3AFE19F80FD1005770C6 /* Frameworks */ = {
			isa = PBXFrameworksBuildPhase;
			buildActionMask = 2147483647;
			files = (
				CA5E3B0219F80FD2005770C6 /* RandomColor.framework in Frameworks */,
			);
			runOnlyForDeploymentPostprocessing = 0;
		};
		CA95E2B719F7FF39001D6DF4 /* Frameworks */ = {
			isa = PBXFrameworksBuildPhase;
			buildActionMask = 2147483647;
			files = (
				CA5E3B0E19F80FD2005770C6 /* RandomColor.framework in Frameworks */,
			);
			runOnlyForDeploymentPostprocessing = 0;
		};
/* End PBXFrameworksBuildPhase section */

/* Begin PBXGroup section */
		CA5E3AF819F80FD1005770C6 /* RandomColor */ = {
			isa = PBXGroup;
			children = (
				CA5E3AFB19F80FD1005770C6 /* RandomColor.h */,
				CA5E3B1719F80FE1005770C6 /* RandomColorExtension.swift */,
				CA5E3AF919F80FD1005770C6 /* Supporting Files */,
			);
			path = RandomColor;
			sourceTree = "<group>";
		};
		CA5E3AF919F80FD1005770C6 /* Supporting Files */ = {
			isa = PBXGroup;
			children = (
				CA5E3AFA19F80FD1005770C6 /* Info.plist */,
			);
			name = "Supporting Files";
			sourceTree = "<group>";
		};
		CA5E3B0719F80FD2005770C6 /* RandomColorTests */ = {
			isa = PBXGroup;
			children = (
				CA5E3B0A19F80FD2005770C6 /* RandomColorTests.swift */,
				CA5E3B0819F80FD2005770C6 /* Supporting Files */,
			);
			path = RandomColorTests;
			sourceTree = "<group>";
		};
		CA5E3B0819F80FD2005770C6 /* Supporting Files */ = {
			isa = PBXGroup;
			children = (
				CA5E3B0919F80FD2005770C6 /* Info.plist */,
			);
			name = "Supporting Files";
			sourceTree = "<group>";
		};
		CA95E2B119F7FF39001D6DF4 = {
			isa = PBXGroup;
			children = (
				CA5E3B1919F80FEE005770C6 /* Default-568h@2x.png */,
				CA95E2BC19F7FF39001D6DF4 /* RandomColorExample */,
				CA95E2D219F7FF39001D6DF4 /* RandomColorExampleTests */,
				CA5E3AF819F80FD1005770C6 /* RandomColor */,
				CA5E3B0719F80FD2005770C6 /* RandomColorTests */,
				CA95E2BB19F7FF39001D6DF4 /* Products */,
			);
			sourceTree = "<group>";
		};
		CA95E2BB19F7FF39001D6DF4 /* Products */ = {
			isa = PBXGroup;
			children = (
				CA95E2BA19F7FF39001D6DF4 /* RandomColorExample.app */,
				CA5E3AF719F80FD1005770C6 /* RandomColor.framework */,
				CA5E3B0119F80FD1005770C6 /* RandomColorTests.xctest */,
			);
			name = Products;
			sourceTree = "<group>";
		};
		CA95E2BC19F7FF39001D6DF4 /* RandomColorExample */ = {
			isa = PBXGroup;
			children = (
				CA95E2BF19F7FF39001D6DF4 /* AppDelegate.swift */,
				CA95E2C119F7FF39001D6DF4 /* ViewController.swift */,
				CA95E2C319F7FF39001D6DF4 /* Main.storyboard */,
				CA95E2C619F7FF39001D6DF4 /* Images.xcassets */,
				CA95E2C819F7FF39001D6DF4 /* LaunchScreen.xib */,
				CA95E2BD19F7FF39001D6DF4 /* Supporting Files */,
			);
			name = RandomColorExample;
			path = RandomColor;
			sourceTree = "<group>";
		};
		CA95E2BD19F7FF39001D6DF4 /* Supporting Files */ = {
			isa = PBXGroup;
			children = (
				CA95E2BE19F7FF39001D6DF4 /* Info.plist */,
			);
			name = "Supporting Files";
			sourceTree = "<group>";
		};
		CA95E2D219F7FF39001D6DF4 /* RandomColorExampleTests */ = {
			isa = PBXGroup;
			children = (
				CA95E2D519F7FF39001D6DF4 /* RandomColorTests.swift */,
				CA95E2D319F7FF39001D6DF4 /* Supporting Files */,
			);
			name = RandomColorExampleTests;
			path = RandomColorTests;
			sourceTree = "<group>";
		};
		CA95E2D319F7FF39001D6DF4 /* Supporting Files */ = {
			isa = PBXGroup;
			children = (
				CA95E2D419F7FF39001D6DF4 /* Info.plist */,
			);
			name = "Supporting Files";
			sourceTree = "<group>";
		};
/* End PBXGroup section */

/* Begin PBXHeadersBuildPhase section */
		CA5E3AF419F80FD1005770C6 /* Headers */ = {
			isa = PBXHeadersBuildPhase;
			buildActionMask = 2147483647;
			files = (
				CA5E3AFC19F80FD1005770C6 /* RandomColor.h in Headers */,
			);
			runOnlyForDeploymentPostprocessing = 0;
		};
/* End PBXHeadersBuildPhase section */

/* Begin PBXNativeTarget section */
		CA5E3AF619F80FD1005770C6 /* RandomColor */ = {
			isa = PBXNativeTarget;
			buildConfigurationList = CA5E3B1019F80FD2005770C6 /* Build configuration list for PBXNativeTarget "RandomColor" */;
			buildPhases = (
				CA5E3AF219F80FD1005770C6 /* Sources */,
				CA5E3AF319F80FD1005770C6 /* Frameworks */,
				CA5E3AF419F80FD1005770C6 /* Headers */,
				CA5E3AF519F80FD1005770C6 /* Resources */,
			);
			buildRules = (
			);
			dependencies = (
			);
			name = RandomColor;
			productName = RandomColor;
			productReference = CA5E3AF719F80FD1005770C6 /* RandomColor.framework */;
			productType = "com.apple.product-type.framework";
		};
		CA5E3B0019F80FD1005770C6 /* RandomColorTests */ = {
			isa = PBXNativeTarget;
			buildConfigurationList = CA5E3B1419F80FD2005770C6 /* Build configuration list for PBXNativeTarget "RandomColorTests" */;
			buildPhases = (
				CA5E3AFD19F80FD1005770C6 /* Sources */,
				CA5E3AFE19F80FD1005770C6 /* Frameworks */,
				CA5E3AFF19F80FD1005770C6 /* Resources */,
			);
			buildRules = (
			);
			dependencies = (
				CA5E3B0419F80FD2005770C6 /* PBXTargetDependency */,
				CA5E3B0619F80FD2005770C6 /* PBXTargetDependency */,
			);
			name = RandomColorTests;
			productName = RandomColorTests;
			productReference = CA5E3B0119F80FD1005770C6 /* RandomColorTests.xctest */;
			productType = "com.apple.product-type.bundle.unit-test";
		};
		CA95E2B919F7FF39001D6DF4 /* RandomColorExample */ = {
			isa = PBXNativeTarget;
			buildConfigurationList = CA95E2D919F7FF39001D6DF4 /* Build configuration list for PBXNativeTarget "RandomColorExample" */;
			buildPhases = (
				CA95E2B619F7FF39001D6DF4 /* Sources */,
				CA95E2B719F7FF39001D6DF4 /* Frameworks */,
				CA95E2B819F7FF39001D6DF4 /* Resources */,
				CA5E3B1319F80FD2005770C6 /* Embed Frameworks */,
			);
			buildRules = (
			);
			dependencies = (
				CA5E3B0D19F80FD2005770C6 /* PBXTargetDependency */,
			);
			name = RandomColorExample;
			productName = RandomColor;
			productReference = CA95E2BA19F7FF39001D6DF4 /* RandomColorExample.app */;
			productType = "com.apple.product-type.application";
		};
/* End PBXNativeTarget section */

/* Begin PBXProject section */
		CA95E2B219F7FF39001D6DF4 /* Project object */ = {
			isa = PBXProject;
			attributes = {
				LastUpgradeCheck = 0610;
				ORGANIZATIONNAME = Tugulab;
				TargetAttributes = {
					CA5E3AF619F80FD1005770C6 = {
						CreatedOnToolsVersion = 6.1;
					};
					CA5E3B0019F80FD1005770C6 = {
						CreatedOnToolsVersion = 6.1;
						TestTargetID = CA95E2B919F7FF39001D6DF4;
					};
					CA95E2B919F7FF39001D6DF4 = {
						CreatedOnToolsVersion = 6.1;
					};
				};
			};
			buildConfigurationList = CA95E2B519F7FF39001D6DF4 /* Build configuration list for PBXProject "RandomColorExample" */;
			compatibilityVersion = "Xcode 3.2";
			developmentRegion = English;
			hasScannedForEncodings = 0;
			knownRegions = (
				en,
				Base,
			);
			mainGroup = CA95E2B119F7FF39001D6DF4;
			productRefGroup = CA95E2BB19F7FF39001D6DF4 /* Products */;
			projectDirPath = "";
			projectRoot = "";
			targets = (
				CA95E2B919F7FF39001D6DF4 /* RandomColorExample */,
				CA5E3AF619F80FD1005770C6 /* RandomColor */,
				CA5E3B0019F80FD1005770C6 /* RandomColorTests */,
			);
		};
/* End PBXProject section */

/* Begin PBXResourcesBuildPhase section */
		CA5E3AF519F80FD1005770C6 /* Resources */ = {
			isa = PBXResourcesBuildPhase;
			buildActionMask = 2147483647;
			files = (
			);
			runOnlyForDeploymentPostprocessing = 0;
		};
		CA5E3AFF19F80FD1005770C6 /* Resources */ = {
			isa = PBXResourcesBuildPhase;
			buildActionMask = 2147483647;
			files = (
			);
			runOnlyForDeploymentPostprocessing = 0;
		};
		CA95E2B819F7FF39001D6DF4 /* Resources */ = {
			isa = PBXResourcesBuildPhase;
			buildActionMask = 2147483647;
			files = (
				CA95E2C519F7FF39001D6DF4 /* Main.storyboard in Resources */,
				CA5E3B1A19F80FEE005770C6 /* Default-568h@2x.png in Resources */,
				CA95E2CA19F7FF39001D6DF4 /* LaunchScreen.xib in Resources */,
				CA95E2C719F7FF39001D6DF4 /* Images.xcassets in Resources */,
			);
			runOnlyForDeploymentPostprocessing = 0;
		};
/* End PBXResourcesBuildPhase section */

/* Begin PBXSourcesBuildPhase section */
		CA5E3AF219F80FD1005770C6 /* Sources */ = {
			isa = PBXSourcesBuildPhase;
			buildActionMask = 2147483647;
			files = (
				CA5E3B1819F80FE1005770C6 /* RandomColorExtension.swift in Sources */,
			);
			runOnlyForDeploymentPostprocessing = 0;
		};
		CA5E3AFD19F80FD1005770C6 /* Sources */ = {
			isa = PBXSourcesBuildPhase;
			buildActionMask = 2147483647;
			files = (
				CA5E3B0B19F80FD2005770C6 /* RandomColorTests.swift in Sources */,
			);
			runOnlyForDeploymentPostprocessing = 0;
		};
		CA95E2B619F7FF39001D6DF4 /* Sources */ = {
			isa = PBXSourcesBuildPhase;
			buildActionMask = 2147483647;
			files = (
				CA95E2C219F7FF39001D6DF4 /* ViewController.swift in Sources */,
				CA95E2C019F7FF39001D6DF4 /* AppDelegate.swift in Sources */,
			);
			runOnlyForDeploymentPostprocessing = 0;
		};
/* End PBXSourcesBuildPhase section */

/* Begin PBXTargetDependency section */
		CA5E3B0419F80FD2005770C6 /* PBXTargetDependency */ = {
			isa = PBXTargetDependency;
			target = CA5E3AF619F80FD1005770C6 /* RandomColor */;
			targetProxy = CA5E3B0319F80FD2005770C6 /* PBXContainerItemProxy */;
		};
		CA5E3B0619F80FD2005770C6 /* PBXTargetDependency */ = {
			isa = PBXTargetDependency;
			target = CA95E2B919F7FF39001D6DF4 /* RandomColorExample */;
			targetProxy = CA5E3B0519F80FD2005770C6 /* PBXContainerItemProxy */;
		};
		CA5E3B0D19F80FD2005770C6 /* PBXTargetDependency */ = {
			isa = PBXTargetDependency;
			target = CA5E3AF619F80FD1005770C6 /* RandomColor */;
			targetProxy = CA5E3B0C19F80FD2005770C6 /* PBXContainerItemProxy */;
		};
/* End PBXTargetDependency section */

/* Begin PBXVariantGroup section */
		CA95E2C319F7FF39001D6DF4 /* Main.storyboard */ = {
			isa = PBXVariantGroup;
			children = (
				CA95E2C419F7FF39001D6DF4 /* Base */,
			);
			name = Main.storyboard;
			sourceTree = "<group>";
		};
		CA95E2C819F7FF39001D6DF4 /* LaunchScreen.xib */ = {
			isa = PBXVariantGroup;
			children = (
				CA95E2C919F7FF39001D6DF4 /* Base */,
			);
			name = LaunchScreen.xib;
			sourceTree = "<group>";
		};
/* End PBXVariantGroup section */

/* Begin XCBuildConfiguration section */
		CA5E3B1119F80FD2005770C6 /* Debug */ = {
			isa = XCBuildConfiguration;
			buildSettings = {
				CLANG_ENABLE_MODULES = YES;
				CURRENT_PROJECT_VERSION = 1;
				DEFINES_MODULE = YES;
				DYLIB_COMPATIBILITY_VERSION = 1;
				DYLIB_CURRENT_VERSION = 1;
				DYLIB_INSTALL_NAME_BASE = "@rpath";
				GCC_PREPROCESSOR_DEFINITIONS = (
					"DEBUG=1",
					"$(inherited)",
				);
				INFOPLIST_FILE = RandomColor/Info.plist;
				INSTALL_PATH = "$(LOCAL_LIBRARY_DIR)/Frameworks";
				LD_RUNPATH_SEARCH_PATHS = "$(inherited) @executable_path/Frameworks @loader_path/Frameworks";
				PRODUCT_NAME = "$(TARGET_NAME)";
				SKIP_INSTALL = YES;
				SWIFT_OPTIMIZATION_LEVEL = "-Onone";
				VERSIONING_SYSTEM = "apple-generic";
				VERSION_INFO_PREFIX = "";
			};
			name = Debug;
		};
		CA5E3B1219F80FD2005770C6 /* Release */ = {
			isa = XCBuildConfiguration;
			buildSettings = {
				CLANG_ENABLE_MODULES = YES;
				CURRENT_PROJECT_VERSION = 1;
				DEFINES_MODULE = YES;
				DYLIB_COMPATIBILITY_VERSION = 1;
				DYLIB_CURRENT_VERSION = 1;
				DYLIB_INSTALL_NAME_BASE = "@rpath";
				INFOPLIST_FILE = RandomColor/Info.plist;
				INSTALL_PATH = "$(LOCAL_LIBRARY_DIR)/Frameworks";
				LD_RUNPATH_SEARCH_PATHS = "$(inherited) @executable_path/Frameworks @loader_path/Frameworks";
				PRODUCT_NAME = "$(TARGET_NAME)";
				SKIP_INSTALL = YES;
				VERSIONING_SYSTEM = "apple-generic";
				VERSION_INFO_PREFIX = "";
			};
			name = Release;
		};
		CA5E3B1519F80FD2005770C6 /* Debug */ = {
			isa = XCBuildConfiguration;
			buildSettings = {
				FRAMEWORK_SEARCH_PATHS = (
					"$(SDKROOT)/Developer/Library/Frameworks",
					"$(inherited)",
				);
				GCC_PREPROCESSOR_DEFINITIONS = (
					"DEBUG=1",
					"$(inherited)",
				);
				INFOPLIST_FILE = RandomColorTests/Info.plist;
				LD_RUNPATH_SEARCH_PATHS = "$(inherited) @executable_path/Frameworks @loader_path/Frameworks";
				PRODUCT_NAME = "$(TARGET_NAME)";
				TEST_HOST = "$(BUILT_PRODUCTS_DIR)/RandomColorExample.app/RandomColorExample";
			};
			name = Debug;
		};
		CA5E3B1619F80FD2005770C6 /* Release */ = {
			isa = XCBuildConfiguration;
			buildSettings = {
				FRAMEWORK_SEARCH_PATHS = (
					"$(SDKROOT)/Developer/Library/Frameworks",
					"$(inherited)",
				);
				INFOPLIST_FILE = RandomColorTests/Info.plist;
				LD_RUNPATH_SEARCH_PATHS = "$(inherited) @executable_path/Frameworks @loader_path/Frameworks";
				PRODUCT_NAME = "$(TARGET_NAME)";
				TEST_HOST = "$(BUILT_PRODUCTS_DIR)/RandomColorExample.app/RandomColorExample";
			};
			name = Release;
		};
		CA95E2D719F7FF39001D6DF4 /* Debug */ = {
			isa = XCBuildConfiguration;
			buildSettings = {
				ALWAYS_SEARCH_USER_PATHS = NO;
				CLANG_CXX_LANGUAGE_STANDARD = "gnu++0x";
				CLANG_CXX_LIBRARY = "libc++";
				CLANG_ENABLE_MODULES = YES;
				CLANG_ENABLE_OBJC_ARC = YES;
				CLANG_WARN_BOOL_CONVERSION = YES;
				CLANG_WARN_CONSTANT_CONVERSION = YES;
				CLANG_WARN_DIRECT_OBJC_ISA_USAGE = YES_ERROR;
				CLANG_WARN_EMPTY_BODY = YES;
				CLANG_WARN_ENUM_CONVERSION = YES;
				CLANG_WARN_INT_CONVERSION = YES;
				CLANG_WARN_OBJC_ROOT_CLASS = YES_ERROR;
				CLANG_WARN_UNREACHABLE_CODE = YES;
				CLANG_WARN__DUPLICATE_METHOD_MATCH = YES;
				"CODE_SIGN_IDENTITY[sdk=iphoneos*]" = "iPhone Developer";
				COPY_PHASE_STRIP = NO;
				ENABLE_STRICT_OBJC_MSGSEND = YES;
				GCC_C_LANGUAGE_STANDARD = gnu99;
				GCC_DYNAMIC_NO_PIC = NO;
				GCC_OPTIMIZATION_LEVEL = 0;
				GCC_PREPROCESSOR_DEFINITIONS = (
					"DEBUG=1",
					"$(inherited)",
				);
				GCC_SYMBOLS_PRIVATE_EXTERN = NO;
				GCC_WARN_64_TO_32_BIT_CONVERSION = YES;
				GCC_WARN_ABOUT_RETURN_TYPE = YES_ERROR;
				GCC_WARN_UNDECLARED_SELECTOR = YES;
				GCC_WARN_UNINITIALIZED_AUTOS = YES_AGGRESSIVE;
				GCC_WARN_UNUSED_FUNCTION = YES;
				GCC_WARN_UNUSED_VARIABLE = YES;
				IPHONEOS_DEPLOYMENT_TARGET = 8.1;
				MTL_ENABLE_DEBUG_INFO = YES;
				ONLY_ACTIVE_ARCH = YES;
				SDKROOT = iphoneos;
				SWIFT_OPTIMIZATION_LEVEL = "-Onone";
				TARGETED_DEVICE_FAMILY = "1,2";
			};
			name = Debug;
		};
		CA95E2D819F7FF39001D6DF4 /* Release */ = {
			isa = XCBuildConfiguration;
			buildSettings = {
				ALWAYS_SEARCH_USER_PATHS = NO;
				CLANG_CXX_LANGUAGE_STANDARD = "gnu++0x";
				CLANG_CXX_LIBRARY = "libc++";
				CLANG_ENABLE_MODULES = YES;
				CLANG_ENABLE_OBJC_ARC = YES;
				CLANG_WARN_BOOL_CONVERSION = YES;
				CLANG_WARN_CONSTANT_CONVERSION = YES;
				CLANG_WARN_DIRECT_OBJC_ISA_USAGE = YES_ERROR;
				CLANG_WARN_EMPTY_BODY = YES;
				CLANG_WARN_ENUM_CONVERSION = YES;
				CLANG_WARN_INT_CONVERSION = YES;
				CLANG_WARN_OBJC_ROOT_CLASS = YES_ERROR;
				CLANG_WARN_UNREACHABLE_CODE = YES;
				CLANG_WARN__DUPLICATE_METHOD_MATCH = YES;
				"CODE_SIGN_IDENTITY[sdk=iphoneos*]" = "iPhone Developer";
				COPY_PHASE_STRIP = YES;
				ENABLE_NS_ASSERTIONS = NO;
				ENABLE_STRICT_OBJC_MSGSEND = YES;
				GCC_C_LANGUAGE_STANDARD = gnu99;
				GCC_WARN_64_TO_32_BIT_CONVERSION = YES;
				GCC_WARN_ABOUT_RETURN_TYPE = YES_ERROR;
				GCC_WARN_UNDECLARED_SELECTOR = YES;
				GCC_WARN_UNINITIALIZED_AUTOS = YES_AGGRESSIVE;
				GCC_WARN_UNUSED_FUNCTION = YES;
				GCC_WARN_UNUSED_VARIABLE = YES;
				IPHONEOS_DEPLOYMENT_TARGET = 8.1;
				MTL_ENABLE_DEBUG_INFO = NO;
				SDKROOT = iphoneos;
				TARGETED_DEVICE_FAMILY = "1,2";
				VALIDATE_PRODUCT = YES;
			};
			name = Release;
		};
		CA95E2DA19F7FF39001D6DF4 /* Debug */ = {
			isa = XCBuildConfiguration;
			buildSettings = {
				ASSETCATALOG_COMPILER_APPICON_NAME = AppIcon;
				INFOPLIST_FILE = RandomColor/Info.plist;
				LD_RUNPATH_SEARCH_PATHS = "$(inherited) @executable_path/Frameworks";
				PRODUCT_NAME = RandomColorExample;
			};
			name = Debug;
		};
		CA95E2DB19F7FF39001D6DF4 /* Release */ = {
			isa = XCBuildConfiguration;
			buildSettings = {
				ASSETCATALOG_COMPILER_APPICON_NAME = AppIcon;
				INFOPLIST_FILE = RandomColor/Info.plist;
				LD_RUNPATH_SEARCH_PATHS = "$(inherited) @executable_path/Frameworks";
				PRODUCT_NAME = RandomColorExample;
			};
			name = Release;
		};
/* End XCBuildConfiguration section */

/* Begin XCConfigurationList section */
		CA5E3B1019F80FD2005770C6 /* Build configuration list for PBXNativeTarget "RandomColor" */ = {
			isa = XCConfigurationList;
			buildConfigurations = (
				CA5E3B1119F80FD2005770C6 /* Debug */,
				CA5E3B1219F80FD2005770C6 /* Release */,
			);
			defaultConfigurationIsVisible = 0;
		};
		CA5E3B1419F80FD2005770C6 /* Build configuration list for PBXNativeTarget "RandomColorTests" */ = {
			isa = XCConfigurationList;
			buildConfigurations = (
				CA5E3B1519F80FD2005770C6 /* Debug */,
				CA5E3B1619F80FD2005770C6 /* Release */,
			);
			defaultConfigurationIsVisible = 0;
		};
		CA95E2B519F7FF39001D6DF4 /* Build configuration list for PBXProject "RandomColorExample" */ = {
			isa = XCConfigurationList;
			buildConfigurations = (
				CA95E2D719F7FF39001D6DF4 /* Debug */,
				CA95E2D819F7FF39001D6DF4 /* Release */,
			);
			defaultConfigurationIsVisible = 0;
			defaultConfigurationName = Release;
		};
		CA95E2D919F7FF39001D6DF4 /* Build configuration list for PBXNativeTarget "RandomColorExample" */ = {
			isa = XCConfigurationList;
			buildConfigurations = (
				CA95E2DA19F7FF39001D6DF4 /* Debug */,
				CA95E2DB19F7FF39001D6DF4 /* Release */,
			);
			defaultConfigurationIsVisible = 0;
			defaultConfigurationName = Release;
		};
/* End XCConfigurationList section */
	};
	rootObject = CA95E2B219F7FF39001D6DF4 /* Project object */;
}
